
Microsoft Visual Studio Solution File, Format Version 12.00
# Visual Studio Version 16
VisualStudioVersion = 16.0.32228.343
MinimumVisualStudioVersion = 10.0.40219.1
Project("{9A19103F-16F7-4668-BE54-9A1E7A4F7556}") = "LibraryNetwork", "LibraryNetwork\LibraryNetwork.csproj", "{81899364-4E7F-4FA1-95F3-FE94F2D12282}"
EndProject
Project("{9A19103F-16F7-4668-BE54-9A1E7A4F7556}") = "LibraryNetworkTests", "LibraryNetworkTests\LibraryNetworkTests.csproj", "{61D06CDB-CC15-4D45-BDFF-C1E391255536}"
EndProject
Project("{2150E333-8FDC-42A3-9474-1A3956D46DE8}") = "Solution Items", "Solution Items", "{BF010D2D-11BD-4897-95A1-464C74195D80}"
	ProjectSection(SolutionItems) = preProject
		.editorconfig = .editorconfig
		.editorconfig.inferred = .editorconfig.inferred
	EndProjectSection
EndProject
Global
	GlobalSection(SolutionConfigurationPlatforms) = preSolution
		Debug|Any CPU = Debug|Any CPU
		Release|Any CPU = Release|Any CPU
	EndGlobalSection
	GlobalSection(ProjectConfigurationPlatforms) = postSolution
		{81899364-4E7F-4FA1-95F3-FE94F2D12282}.Debug|Any CPU.ActiveCfg = Debug|Any CPU
		{81899364-4E7F-4FA1-95F3-FE94F2D12282}.Debug|Any CPU.Build.0 = Debug|Any CPU
		{81899364-4E7F-4FA1-95F3-FE94F2D12282}.Release|Any CPU.ActiveCfg = Release|Any CPU
		{81899364-4E7F-4FA1-95F3-FE94F2D12282}.Release|Any CPU.Build.0 = Release|Any CPU
		{61D06CDB-CC15-4D45-BDFF-C1E391255536}.Debug|Any CPU.ActiveCfg = Debug|Any CPU
		{61D06CDB-CC15-4D45-BDFF-C1E391255536}.Debug|Any CPU.Build.0 = Debug|Any CPU
		{61D06CDB-CC15-4D45-BDFF-C1E391255536}.Release|Any CPU.ActiveCfg = Release|Any CPU
		{61D06CDB-CC15-4D45-BDFF-C1E391255536}.Release|Any CPU.Build.0 = Release|Any CPU
	EndGlobalSection
	GlobalSection(SolutionProperties) = preSolution
		HideSolutionNode = FALSE
	EndGlobalSection
	GlobalSection(ExtensibilityGlobals) = postSolution
		SolutionGuid = {04B64EE9-AED5-4368-9E8D-5148C4BF0149}
	EndGlobalSection
EndGlobal
